{
    "version": 3,
    "terraform_version": "0.11.7",
    "serial": 33,
    "lineage": "8dfb8ddc-eb94-49fd-fd68-bb6bd41dad85",
    "modules": [
        {
            "path": [
                "root"
            ],
            "outputs": {
                "bucket_acl": {
                    "sensitive": false,
                    "type": "string",
                    "value": "log-delivery-write"
                },
                "bucket_arn:": {
                    "sensitive": false,
                    "type": "string",
                    "value": "arn:aws:s3:::bucketfull0002"
                },
                "bucket_region:": {
                    "sensitive": false,
                    "type": "string",
                    "value": "us-east-1"
                },
                "ebs_id": {
                    "sensitive": false,
                    "type": "string",
                    "value": "vol-0c275f760dae8ae7f"
                },
                "elb_dns_name": {
                    "sensitive": false,
                    "type": "string",
                    "value": "elbterraform-856101509.us-east-1.elb.amazonaws.com"
                },
                "public_ip_ec2": {
                    "sensitive": false,
                    "type": "string",
                    "value": "35.174.170.126"
                }
            },
            "resources": {
                "aws_autoscaling_group.terra_ASG": {
                    "type": "aws_autoscaling_group",
                    "depends_on": [
                        "aws_elb.terra_elb",
                        "aws_launch_configuration.terra_lc",
                        "data.aws_availability_zones.terra_az"
                    ],
                    "primary": {
                        "id": "tf-asg-20180620150305162900000004",
                        "attributes": {
                            "arn": "arn:aws:autoscaling:us-east-1:924885265707:autoScalingGroup:093b8e4c-76f5-4461-a302-0f3ee0434aea:autoScalingGroupName/tf-asg-20180620150305162900000004",
                            "availability_zones.#": "6",
                            "availability_zones.1252502072": "us-east-1f",
                            "availability_zones.1305112097": "us-east-1b",
                            "availability_zones.2762590996": "us-east-1d",
                            "availability_zones.3551460226": "us-east-1e",
                            "availability_zones.3569565595": "us-east-1a",
                            "availability_zones.986537655": "us-east-1c",
                            "default_cooldown": "300",
                            "desired_capacity": "2",
                            "enabled_metrics.#": "0",
                            "force_delete": "false",
                            "health_check_grace_period": "300",
                            "health_check_type": "ELB",
                            "id": "tf-asg-20180620150305162900000004",
                            "launch_configuration": "terraform-20180620150258916500000001",
                            "launch_template.#": "0",
                            "load_balancers.#": "1",
                            "load_balancers.2604605605": "elbterraform",
                            "max_size": "4",
                            "metrics_granularity": "1Minute",
                            "min_size": "2",
                            "name": "tf-asg-20180620150305162900000004",
                            "placement_group": "",
                            "protect_from_scale_in": "false",
                            "service_linked_role_arn": "arn:aws:iam::924885265707:role/aws-service-role/autoscaling.amazonaws.com/AWSServiceRoleForAutoScaling",
                            "suspended_processes.#": "0",
                            "tag.#": "0",
                            "target_group_arns.#": "0",
                            "termination_policies.#": "0",
                            "vpc_zone_identifier.#": "0",
                            "wait_for_capacity_timeout": "10m"
                        },
                        "meta": {
                            "e2bfb730-ecaa-11e6-8f88-34363bc7c4c0": {
                                "delete": 600000000000
                            }
                        },
                        "tainted": false
                    },
                    "deposed": [],
                    "provider": "provider.aws"
                },
                "aws_cloudwatch_dashboard.terra_dashboard": {
                    "type": "aws_cloudwatch_dashboard",
                    "depends_on": [],
                    "primary": {
                        "id": "my-dashboard",
                        "attributes": {
                            "dashboard_arn": "arn:aws:cloudwatch::924885265707:dashboard/my-dashboard",
                            "dashboard_body": " {\n   \"widgets\": [\n       {\n          \"type\":\"metric\",\n          \"x\":0,\n          \"y\":0,\n          \"width\":12,\n          \"height\":6,\n          \"properties\":{\n             \"metrics\":[\n                [\n                   \"AWS/EC2\",\n                   \"CPUUtilization\",\n                   \"terraform-EC2-1\",\n                   \"i-0a41960920ecd705c\"\n                ]\n             ],\n             \"period\":60,\n             \"stat\":\"Average\",\n             \"region\":\"us-east-1\",\n             \"title\":\"EC2 Instance CPU\"\n          }\n       },\n       {\n          \"type\":\"text\",\n          \"x\":0,\n          \"y\":7,\n          \"width\":3,\n          \"height\":3,\n          \"properties\":{\n             \"markdown\":\"Sample Matrics\"\n          }\n       }\n   ]\n }\n ",
                            "dashboard_name": "my-dashboard",
                            "id": "my-dashboard"
                        },
                        "meta": {},
                        "tainted": false
                    },
                    "deposed": [],
                    "provider": "provider.aws"
                },
                "aws_cloudwatch_metric_alarm.terra_alarm": {
                    "type": "aws_cloudwatch_metric_alarm",
                    "depends_on": [],
                    "primary": {
                        "id": "terraform-CloudWatch",
                        "attributes": {
                            "actions_enabled": "true",
                            "alarm_actions.#": "0",
                            "alarm_description": "This metric will evaluate the EC2 CPU Utilization",
                            "alarm_name": "terraform-CloudWatch",
                            "comparison_operator": "GreaterThanOrEqualToThreshold",
                            "datapoints_to_alarm": "0",
                            "dimensions.%": "0",
                            "evaluate_low_sample_count_percentiles": "",
                            "evaluation_periods": "2",
                            "extended_statistic": "",
                            "id": "terraform-CloudWatch",
                            "insufficient_data_actions.#": "0",
                            "metric_name": "CPUUtilization",
                            "namespace": "AWS/EC2",
                            "ok_actions.#": "0",
                            "period": "60",
                            "statistic": "Average",
                            "threshold": "75",
                            "treat_missing_data": "missing",
                            "unit": ""
                        },
                        "meta": {
                            "schema_version": "1"
                        },
                        "tainted": false
                    },
                    "deposed": [],
                    "provider": "provider.aws"
                },
                "aws_ebs_volume.terra_ebs": {
                    "type": "aws_ebs_volume",
                    "depends_on": [],
                    "primary": {
                        "id": "vol-0c275f760dae8ae7f",
                        "attributes": {
                            "arn": "arn:aws:ec2:us-east-1:924885265707:volume/vol-0c275f760dae8ae7f",
                            "availability_zone": "us-east-1a",
                            "encrypted": "false",
                            "id": "vol-0c275f760dae8ae7f",
                            "size": "20",
                            "snapshot_id": "",
                            "tags.%": "1",
                            "tags.Name": "firstEBSvolume",
                            "type": "standard"
                        },
                        "meta": {},
                        "tainted": false
                    },
                    "deposed": [],
                    "provider": "provider.aws"
                },
                "aws_elb.terra_elb": {
                    "type": "aws_elb",
                    "depends_on": [
                        "aws_security_group.terra_sg",
                        "data.aws_availability_zones.terra_az"
                    ],
                    "primary": {
                        "id": "elbterraform",
                        "attributes": {
                            "access_logs.#": "0",
                            "arn": "arn:aws:elasticloadbalancing:us-east-1:924885265707:loadbalancer/elbterraform",
                            "availability_zones.#": "6",
                            "availability_zones.1252502072": "us-east-1f",
                            "availability_zones.1305112097": "us-east-1b",
                            "availability_zones.2762590996": "us-east-1d",
                            "availability_zones.3551460226": "us-east-1e",
                            "availability_zones.3569565595": "us-east-1a",
                            "availability_zones.986537655": "us-east-1c",
                            "connection_draining": "false",
                            "connection_draining_timeout": "300",
                            "cross_zone_load_balancing": "true",
                            "dns_name": "elbterraform-856101509.us-east-1.elb.amazonaws.com",
                            "health_check.#": "1",
                            "health_check.0.healthy_threshold": "2",
                            "health_check.0.interval": "10",
                            "health_check.0.target": "HTTP:8080/",
                            "health_check.0.timeout": "3",
                            "health_check.0.unhealthy_threshold": "2",
                            "id": "elbterraform",
                            "idle_timeout": "60",
                            "instances.#": "0",
                            "internal": "false",
                            "listener.#": "1",
                            "listener.1092403652.instance_port": "8080",
                            "listener.1092403652.instance_protocol": "http",
                            "listener.1092403652.lb_port": "8080",
                            "listener.1092403652.lb_protocol": "http",
                            "listener.1092403652.ssl_certificate_id": "",
                            "name": "elbterraform",
                            "security_groups.#": "1",
                            "security_groups.2765233558": "sg-0ec596a0d0d3865ab",
                            "source_security_group": "924885265707/terraform_security_group",
                            "source_security_group_id": "sg-0ec596a0d0d3865ab",
                            "subnets.#": "6",
                            "subnets.1151871083": "subnet-5bf29311",
                            "subnets.2445648303": "subnet-b26ab6d5",
                            "subnets.2834150817": "subnet-45cf574a",
                            "subnets.3053301745": "subnet-94c419c8",
                            "subnets.3089780697": "subnet-fadf32c4",
                            "subnets.964925609": "subnet-110fd03f",
                            "tags.%": "0",
                            "zone_id": "Z35SXDOTRQ7X7K"
                        },
                        "meta": {},
                        "tainted": false
                    },
                    "deposed": [],
                    "provider": "provider.aws"
                },
                "aws_instance.myfirstec2instance": {
                    "type": "aws_instance",
                    "depends_on": [
                        "aws_security_group.terra_sg"
                    ],
                    "primary": {
                        "id": "i-053d15d1589391124",
                        "attributes": {
                            "ami": "ami-14c5486b",
                            "associate_public_ip_address": "true",
                            "availability_zone": "us-east-1a",
                            "credit_specification.#": "1",
                            "credit_specification.0.cpu_credits": "standard",
                            "disable_api_termination": "false",
                            "ebs_block_device.#": "0",
                            "ebs_optimized": "false",
                            "ephemeral_block_device.#": "0",
                            "get_password_data": "false",
                            "iam_instance_profile": "",
                            "id": "i-053d15d1589391124",
                            "instance_state": "running",
                            "instance_type": "t2.micro",
                            "ipv6_addresses.#": "0",
                            "key_name": "",
                            "monitoring": "false",
                            "network_interface.#": "0",
                            "network_interface_id": "eni-0b6d11aea4ea3c652",
                            "password_data": "",
                            "placement_group": "",
                            "primary_network_interface_id": "eni-0b6d11aea4ea3c652",
                            "private_dns": "ip-172-31-90-249.ec2.internal",
                            "private_ip": "172.31.90.249",
                            "public_dns": "ec2-35-174-170-126.compute-1.amazonaws.com",
                            "public_ip": "35.174.170.126",
                            "root_block_device.#": "1",
                            "root_block_device.0.delete_on_termination": "true",
                            "root_block_device.0.iops": "100",
                            "root_block_device.0.volume_id": "vol-011ea426046448d19",
                            "root_block_device.0.volume_size": "8",
                            "root_block_device.0.volume_type": "gp2",
                            "security_groups.#": "1",
                            "security_groups.1594582590": "terraform_security_group",
                            "source_dest_check": "true",
                            "subnet_id": "subnet-110fd03f",
                            "tags.%": "1",
                            "tags.Name": "terraform-EC2-1",
                            "tenancy": "default",
                            "volume_tags.%": "0",
                            "vpc_security_group_ids.#": "1",
                            "vpc_security_group_ids.2765233558": "sg-0ec596a0d0d3865ab"
                        },
                        "meta": {
                            "e2bfb730-ecaa-11e6-8f88-34363bc7c4c0": {
                                "create": 600000000000,
                                "delete": 1200000000000,
                                "update": 600000000000
                            },
                            "schema_version": "1"
                        },
                        "tainted": false
                    },
                    "deposed": [],
                    "provider": "provider.aws"
                },
                "aws_launch_configuration.terra_lc": {
                    "type": "aws_launch_configuration",
                    "depends_on": [
                        "aws_security_group.terra_sg"
                    ],
                    "primary": {
                        "id": "terraform-20180620150258916500000001",
                        "attributes": {
                            "associate_public_ip_address": "false",
                            "ebs_block_device.#": "0",
                            "ebs_optimized": "false",
                            "enable_monitoring": "true",
                            "ephemeral_block_device.#": "0",
                            "iam_instance_profile": "",
                            "id": "terraform-20180620150258916500000001",
                            "image_id": "ami-14c5486b",
                            "instance_type": "t2.micro",
                            "key_name": "",
                            "name": "terraform-20180620150258916500000001",
                            "root_block_device.#": "0",
                            "security_groups.#": "1",
                            "security_groups.2765233558": "sg-0ec596a0d0d3865ab",
                            "spot_price": "",
                            "vpc_classic_link_id": "",
                            "vpc_classic_link_security_groups.#": "0"
                        },
                        "meta": {},
                        "tainted": false
                    },
                    "deposed": [],
                    "provider": "provider.aws"
                },
                "aws_s3_bucket.s3_bucket_full_func": {
                    "type": "aws_s3_bucket",
                    "depends_on": [],
                    "primary": {
                        "id": "bucketfull0002",
                        "attributes": {
                            "acceleration_status": "",
                            "acl": "log-delivery-write",
                            "arn": "arn:aws:s3:::bucketfull0002",
                            "bucket": "bucketfull0002",
                            "bucket_domain_name": "bucketfull0002.s3.amazonaws.com",
                            "bucket_regional_domain_name": "bucketfull0002.s3.amazonaws.com",
                            "force_destroy": "false",
                            "hosted_zone_id": "Z3AQBSTGFYJSTF",
                            "id": "bucketfull0002",
                            "lifecycle_rule.#": "1",
                            "lifecycle_rule.0.abort_incomplete_multipart_upload_days": "0",
                            "lifecycle_rule.0.enabled": "true",
                            "lifecycle_rule.0.expiration.#": "1",
                            "lifecycle_rule.0.expiration.4042355233.date": "",
                            "lifecycle_rule.0.expiration.4042355233.days": "90",
                            "lifecycle_rule.0.expiration.4042355233.expired_object_delete_marker": "false",
                            "lifecycle_rule.0.id": "bucketfull0002",
                            "lifecycle_rule.0.noncurrent_version_expiration.#": "1",
                            "lifecycle_rule.0.noncurrent_version_expiration.1161702070.days": "60",
                            "lifecycle_rule.0.noncurrent_version_transition.#": "1",
                            "lifecycle_rule.0.noncurrent_version_transition.3891883947.days": "30",
                            "lifecycle_rule.0.noncurrent_version_transition.3891883947.storage_class": "GLACIER",
                            "lifecycle_rule.0.prefix": "",
                            "lifecycle_rule.0.tags.%": "1",
                            "lifecycle_rule.0.tags.Name": "lifecycle management rules",
                            "lifecycle_rule.0.transition.#": "2",
                            "lifecycle_rule.0.transition.2000431762.date": "",
                            "lifecycle_rule.0.transition.2000431762.days": "30",
                            "lifecycle_rule.0.transition.2000431762.storage_class": "STANDARD_IA",
                            "lifecycle_rule.0.transition.6450812.date": "",
                            "lifecycle_rule.0.transition.6450812.days": "60",
                            "lifecycle_rule.0.transition.6450812.storage_class": "GLACIER",
                            "logging.#": "0",
                            "region": "us-east-1",
                            "replication_configuration.#": "0",
                            "request_payer": "BucketOwner",
                            "server_side_encryption_configuration.#": "1",
                            "server_side_encryption_configuration.0.rule.#": "1",
                            "server_side_encryption_configuration.0.rule.0.apply_server_side_encryption_by_default.#": "1",
                            "server_side_encryption_configuration.0.rule.0.apply_server_side_encryption_by_default.0.kms_master_key_id": "",
                            "server_side_encryption_configuration.0.rule.0.apply_server_side_encryption_by_default.0.sse_algorithm": "AES256",
                            "tags.%": "1",
                            "tags.Name": "Bucket-with-functionality",
                            "versioning.#": "1",
                            "versioning.0.enabled": "true",
                            "versioning.0.mfa_delete": "false",
                            "website.#": "0"
                        },
                        "meta": {},
                        "tainted": false
                    },
                    "deposed": [],
                    "provider": "provider.aws"
                },
                "aws_s3_bucket.terra_bucket": {
                    "type": "aws_s3_bucket",
                    "depends_on": [],
                    "primary": {
                        "id": "shubhamb0002bucket",
                        "attributes": {
                            "acceleration_status": "",
                            "acl": "private",
                            "arn": "arn:aws:s3:::shubhamb0002bucket",
                            "bucket": "shubhamb0002bucket",
                            "bucket_domain_name": "shubhamb0002bucket.s3.amazonaws.com",
                            "bucket_regional_domain_name": "shubhamb0002bucket.s3.amazonaws.com",
                            "force_destroy": "false",
                            "hosted_zone_id": "Z3AQBSTGFYJSTF",
                            "id": "shubhamb0002bucket",
                            "logging.#": "0",
                            "region": "us-east-1",
                            "replication_configuration.#": "0",
                            "request_payer": "BucketOwner",
                            "server_side_encryption_configuration.#": "0",
                            "tags.%": "2",
                            "tags.Environment": "Dev",
                            "tags.name": "My Sample terraform Bucket",
                            "versioning.#": "1",
                            "versioning.0.enabled": "true",
                            "versioning.0.mfa_delete": "false",
                            "website.#": "0"
                        },
                        "meta": {},
                        "tainted": false
                    },
                    "deposed": [],
                    "provider": "provider.aws"
                },
                "aws_security_group.terra_sg": {
                    "type": "aws_security_group",
                    "depends_on": [],
                    "primary": {
                        "id": "sg-0ec596a0d0d3865ab",
                        "attributes": {
                            "arn": "arn:aws:ec2:us-east-1:924885265707:security-group/sg-0ec596a0d0d3865ab",
                            "description": "Managed by Terraform",
                            "egress.#": "1",
                            "egress.482069346.cidr_blocks.#": "1",
                            "egress.482069346.cidr_blocks.0": "0.0.0.0/0",
                            "egress.482069346.description": "",
                            "egress.482069346.from_port": "0",
                            "egress.482069346.ipv6_cidr_blocks.#": "0",
                            "egress.482069346.prefix_list_ids.#": "0",
                            "egress.482069346.protocol": "-1",
                            "egress.482069346.security_groups.#": "0",
                            "egress.482069346.self": "false",
                            "egress.482069346.to_port": "0",
                            "id": "sg-0ec596a0d0d3865ab",
                            "ingress.#": "2",
                            "ingress.2617001939.cidr_blocks.#": "1",
                            "ingress.2617001939.cidr_blocks.0": "0.0.0.0/0",
                            "ingress.2617001939.description": "",
                            "ingress.2617001939.from_port": "443",
                            "ingress.2617001939.ipv6_cidr_blocks.#": "0",
                            "ingress.2617001939.protocol": "tcp",
                            "ingress.2617001939.security_groups.#": "0",
                            "ingress.2617001939.self": "false",
                            "ingress.2617001939.to_port": "443",
                            "ingress.516175195.cidr_blocks.#": "1",
                            "ingress.516175195.cidr_blocks.0": "0.0.0.0/0",
                            "ingress.516175195.description": "",
                            "ingress.516175195.from_port": "8080",
                            "ingress.516175195.ipv6_cidr_blocks.#": "0",
                            "ingress.516175195.protocol": "tcp",
                            "ingress.516175195.security_groups.#": "0",
                            "ingress.516175195.self": "false",
                            "ingress.516175195.to_port": "8080",
                            "name": "terraform_security_group",
                            "owner_id": "924885265707",
                            "revoke_rules_on_delete": "false",
                            "tags.%": "0",
                            "vpc_id": "vpc-25150d5e"
                        },
                        "meta": {
                            "e2bfb730-ecaa-11e6-8f88-34363bc7c4c0": {
                                "create": 600000000000,
                                "delete": 600000000000
                            },
                            "schema_version": "1"
                        },
                        "tainted": false
                    },
                    "deposed": [],
                    "provider": "provider.aws"
                },
                "aws_volume_attachment.terra_example": {
                    "type": "aws_volume_attachment",
                    "depends_on": [
                        "aws_ebs_volume.terra_ebs",
                        "aws_instance.myfirstec2instance"
                    ],
                    "primary": {
                        "id": "vai-967218155",
                        "attributes": {
                            "device_name": "/dev/sdf",
                            "id": "vai-967218155",
                            "instance_id": "i-053d15d1589391124",
                            "volume_id": "vol-0c275f760dae8ae7f"
                        },
                        "meta": {},
                        "tainted": false
                    },
                    "deposed": [],
                    "provider": "provider.aws"
                },
                "data.aws_availability_zones.terra_az": {
                    "type": "aws_availability_zones",
                    "depends_on": [],
                    "primary": {
                        "id": "2018-06-20 15:02:45.8920196 +0000 UTC",
                        "attributes": {
                            "id": "2018-06-20 15:02:45.8920196 +0000 UTC",
                            "names.#": "6",
                            "names.0": "us-east-1a",
                            "names.1": "us-east-1b",
                            "names.2": "us-east-1c",
                            "names.3": "us-east-1d",
                            "names.4": "us-east-1e",
                            "names.5": "us-east-1f"
                        },
                        "meta": {},
                        "tainted": false
                    },
                    "deposed": [],
                    "provider": "provider.aws"
                }
            },
            "depends_on": []
        },
        {
            "path": [
                "root",
                "vpc"
            ],
            "outputs": {
                "private security group id": {
                    "sensitive": false,
                    "type": "string",
                    "value": "tfsamplecheck Private"
                },
                "private subnet": {
                    "sensitive": false,
                    "type": "list",
                    "value": [
                        "subnet-08b9d7899b7fd6152"
                    ]
                },
                "public security group id": {
                    "sensitive": false,
                    "type": "string",
                    "value": "tfsamplecheck Public"
                },
                "public subnet": {
                    "sensitive": false,
                    "type": "list",
                    "value": [
                        "subnet-0b24df0ca7c240f00"
                    ]
                }
            },
            "resources": {
                "aws_security_group.private": {
                    "type": "aws_security_group",
                    "depends_on": [
                        "aws_security_group.public",
                        "module.vpc"
                    ],
                    "primary": {
                        "id": "sg-03a4fd6dc8d0f1e32",
                        "attributes": {
                            "arn": "arn:aws:ec2:us-east-1:924885265707:security-group/sg-03a4fd6dc8d0f1e32",
                            "description": "tfsamplecheck Private",
                            "egress.#": "1",
                            "egress.482069346.cidr_blocks.#": "1",
                            "egress.482069346.cidr_blocks.0": "0.0.0.0/0",
                            "egress.482069346.description": "",
                            "egress.482069346.from_port": "0",
                            "egress.482069346.ipv6_cidr_blocks.#": "0",
                            "egress.482069346.prefix_list_ids.#": "0",
                            "egress.482069346.protocol": "-1",
                            "egress.482069346.security_groups.#": "0",
                            "egress.482069346.self": "false",
                            "egress.482069346.to_port": "0",
                            "id": "sg-03a4fd6dc8d0f1e32",
                            "ingress.#": "2",
                            "ingress.1944234588.cidr_blocks.#": "0",
                            "ingress.1944234588.description": "",
                            "ingress.1944234588.from_port": "443",
                            "ingress.1944234588.ipv6_cidr_blocks.#": "0",
                            "ingress.1944234588.protocol": "tcp",
                            "ingress.1944234588.security_groups.#": "1",
                            "ingress.1944234588.security_groups.815914352": "sg-0d81531a02ff108b1",
                            "ingress.1944234588.self": "false",
                            "ingress.1944234588.to_port": "443",
                            "ingress.3259941463.cidr_blocks.#": "0",
                            "ingress.3259941463.description": "",
                            "ingress.3259941463.from_port": "8080",
                            "ingress.3259941463.ipv6_cidr_blocks.#": "0",
                            "ingress.3259941463.protocol": "tcp",
                            "ingress.3259941463.security_groups.#": "1",
                            "ingress.3259941463.security_groups.815914352": "sg-0d81531a02ff108b1",
                            "ingress.3259941463.self": "false",
                            "ingress.3259941463.to_port": "8080",
                            "name": "tfsamplecheck-pri-20180620150302766400000003",
                            "name_prefix": "tfsamplecheck-pri-",
                            "owner_id": "924885265707",
                            "revoke_rules_on_delete": "false",
                            "tags.%": "0",
                            "vpc_id": "vpc-078999767a48ded08"
                        },
                        "meta": {
                            "e2bfb730-ecaa-11e6-8f88-34363bc7c4c0": {
                                "create": 600000000000,
                                "delete": 600000000000
                            },
                            "schema_version": "1"
                        },
                        "tainted": false
                    },
                    "deposed": [],
                    "provider": "provider.aws"
                },
                "aws_security_group.public": {
                    "type": "aws_security_group",
                    "depends_on": [
                        "module.vpc"
                    ],
                    "primary": {
                        "id": "sg-0d81531a02ff108b1",
                        "attributes": {
                            "arn": "arn:aws:ec2:us-east-1:924885265707:security-group/sg-0d81531a02ff108b1",
                            "description": "tfsamplecheck Public",
                            "egress.#": "1",
                            "egress.482069346.cidr_blocks.#": "1",
                            "egress.482069346.cidr_blocks.0": "0.0.0.0/0",
                            "egress.482069346.description": "",
                            "egress.482069346.from_port": "0",
                            "egress.482069346.ipv6_cidr_blocks.#": "0",
                            "egress.482069346.prefix_list_ids.#": "0",
                            "egress.482069346.protocol": "-1",
                            "egress.482069346.security_groups.#": "0",
                            "egress.482069346.self": "false",
                            "egress.482069346.to_port": "0",
                            "id": "sg-0d81531a02ff108b1",
                            "ingress.#": "2",
                            "ingress.2617001939.cidr_blocks.#": "1",
                            "ingress.2617001939.cidr_blocks.0": "0.0.0.0/0",
                            "ingress.2617001939.description": "",
                            "ingress.2617001939.from_port": "443",
                            "ingress.2617001939.ipv6_cidr_blocks.#": "0",
                            "ingress.2617001939.protocol": "tcp",
                            "ingress.2617001939.security_groups.#": "0",
                            "ingress.2617001939.self": "false",
                            "ingress.2617001939.to_port": "443",
                            "ingress.516175195.cidr_blocks.#": "1",
                            "ingress.516175195.cidr_blocks.0": "0.0.0.0/0",
                            "ingress.516175195.description": "",
                            "ingress.516175195.from_port": "8080",
                            "ingress.516175195.ipv6_cidr_blocks.#": "0",
                            "ingress.516175195.protocol": "tcp",
                            "ingress.516175195.security_groups.#": "0",
                            "ingress.516175195.self": "false",
                            "ingress.516175195.to_port": "8080",
                            "name": "tfsamplecheck-pub-20180620150300684600000002",
                            "name_prefix": "tfsamplecheck-pub-",
                            "owner_id": "924885265707",
                            "revoke_rules_on_delete": "false",
                            "tags.%": "0",
                            "vpc_id": "vpc-078999767a48ded08"
                        },
                        "meta": {
                            "e2bfb730-ecaa-11e6-8f88-34363bc7c4c0": {
                                "create": 600000000000,
                                "delete": 600000000000
                            },
                            "schema_version": "1"
                        },
                        "tainted": false
                    },
                    "deposed": [],
                    "provider": "provider.aws"
                }
            },
            "depends_on": []
        },
        {
            "path": [
                "root",
                "vpc",
                "vpc"
            ],
            "outputs": {
                "database_subnet_group": {
                    "sensitive": false,
                    "type": "string",
                    "value": ""
                },
                "database_subnets": {
                    "sensitive": false,
                    "type": "list",
                    "value": []
                },
                "database_subnets_cidr_blocks": {
                    "sensitive": false,
                    "type": "list",
                    "value": []
                },
                "default_network_acl_id": {
                    "sensitive": false,
                    "type": "string",
                    "value": "acl-0c573811858075e30"
                },
                "default_route_table_id": {
                    "sensitive": false,
                    "type": "string",
                    "value": "rtb-042ad789a8788f1da"
                },
                "default_security_group_id": {
                    "sensitive": false,
                    "type": "string",
                    "value": "sg-0442ae422a67f4bfe"
                },
                "elasticache_subnet_group": {
                    "sensitive": false,
                    "type": "string",
                    "value": ""
                },
                "elasticache_subnets": {
                    "sensitive": false,
                    "type": "list",
                    "value": []
                },
                "elasticache_subnets_cidr_blocks": {
                    "sensitive": false,
                    "type": "list",
                    "value": []
                },
                "igw_id": {
                    "sensitive": false,
                    "type": "string",
                    "value": "igw-0a98057c618b55dfc"
                },
                "nat_ids": {
                    "sensitive": false,
                    "type": "list",
                    "value": []
                },
                "nat_public_ips": {
                    "sensitive": false,
                    "type": "list",
                    "value": []
                },
                "natgw_ids": {
                    "sensitive": false,
                    "type": "list",
                    "value": []
                },
                "private_route_table_ids": {
                    "sensitive": false,
                    "type": "list",
                    "value": [
                        "rtb-0b5d8abc566cd6846"
                    ]
                },
                "private_subnets": {
                    "sensitive": false,
                    "type": "list",
                    "value": [
                        "subnet-08b9d7899b7fd6152"
                    ]
                },
                "private_subnets_cidr_blocks": {
                    "sensitive": false,
                    "type": "list",
                    "value": [
                        "10.0.2.0/24"
                    ]
                },
                "public_route_table_ids": {
                    "sensitive": false,
                    "type": "list",
                    "value": [
                        "rtb-0133155231a40c9f8"
                    ]
                },
                "public_subnets": {
                    "sensitive": false,
                    "type": "list",
                    "value": [
                        "subnet-0b24df0ca7c240f00"
                    ]
                },
                "public_subnets_cidr_blocks": {
                    "sensitive": false,
                    "type": "list",
                    "value": [
                        "10.0.1.0/24"
                    ]
                },
                "vgw_id": {
                    "sensitive": false,
                    "type": "string",
                    "value": "vgw-0be55a562fac73a5c"
                },
                "vpc_cidr_block": {
                    "sensitive": false,
                    "type": "string",
                    "value": "10.0.0.0/16"
                },
                "vpc_endpoint_dynamodb_id": {
                    "sensitive": false,
                    "type": "string",
                    "value": ""
                },
                "vpc_endpoint_s3_id": {
                    "sensitive": false,
                    "type": "string",
                    "value": ""
                },
                "vpc_id": {
                    "sensitive": false,
                    "type": "string",
                    "value": "vpc-078999767a48ded08"
                }
            },
            "resources": {
                "aws_internet_gateway.this": {
                    "type": "aws_internet_gateway",
                    "depends_on": [
                        "aws_vpc.this"
                    ],
                    "primary": {
                        "id": "igw-0a98057c618b55dfc",
                        "attributes": {
                            "id": "igw-0a98057c618b55dfc",
                            "tags.%": "1",
                            "tags.Name": "tfsamplecheck",
                            "vpc_id": "vpc-078999767a48ded08"
                        },
                        "meta": {},
                        "tainted": false
                    },
                    "deposed": [],
                    "provider": "provider.aws"
                },
                "aws_route.public_internet_gateway": {
                    "type": "aws_route",
                    "depends_on": [
                        "aws_internet_gateway.this",
                        "aws_route_table.public"
                    ],
                    "primary": {
                        "id": "r-rtb-0133155231a40c9f81080289494",
                        "attributes": {
                            "destination_cidr_block": "0.0.0.0/0",
                            "destination_prefix_list_id": "",
                            "egress_only_gateway_id": "",
                            "gateway_id": "igw-0a98057c618b55dfc",
                            "id": "r-rtb-0133155231a40c9f81080289494",
                            "instance_id": "",
                            "instance_owner_id": "",
                            "nat_gateway_id": "",
                            "network_interface_id": "",
                            "origin": "CreateRoute",
                            "route_table_id": "rtb-0133155231a40c9f8",
                            "state": "active",
                            "vpc_peering_connection_id": ""
                        },
                        "meta": {
                            "e2bfb730-ecaa-11e6-8f88-34363bc7c4c0": {
                                "create": 120000000000,
                                "delete": 300000000000
                            }
                        },
                        "tainted": false
                    },
                    "deposed": [],
                    "provider": "provider.aws"
                },
                "aws_route_table.private": {
                    "type": "aws_route_table",
                    "depends_on": [
                        "aws_vpc.this"
                    ],
                    "primary": {
                        "id": "rtb-0b5d8abc566cd6846",
                        "attributes": {
                            "id": "rtb-0b5d8abc566cd6846",
                            "propagating_vgws.#": "0",
                            "route.#": "0",
                            "tags.%": "1",
                            "tags.Name": "tfsamplecheck-private-us-east-1a",
                            "vpc_id": "vpc-078999767a48ded08"
                        },
                        "meta": {},
                        "tainted": false
                    },
                    "deposed": [],
                    "provider": "provider.aws"
                },
                "aws_route_table.public": {
                    "type": "aws_route_table",
                    "depends_on": [
                        "aws_vpc.this"
                    ],
                    "primary": {
                        "id": "rtb-0133155231a40c9f8",
                        "attributes": {
                            "id": "rtb-0133155231a40c9f8",
                            "propagating_vgws.#": "0",
                            "route.#": "0",
                            "tags.%": "1",
                            "tags.Name": "tfsamplecheck-public",
                            "vpc_id": "vpc-078999767a48ded08"
                        },
                        "meta": {},
                        "tainted": false
                    },
                    "deposed": [],
                    "provider": "provider.aws"
                },
                "aws_route_table_association.private": {
                    "type": "aws_route_table_association",
                    "depends_on": [
                        "aws_route_table.private.*",
                        "aws_subnet.private.*"
                    ],
                    "primary": {
                        "id": "rtbassoc-0ce62e28e9eb0e0c4",
                        "attributes": {
                            "id": "rtbassoc-0ce62e28e9eb0e0c4",
                            "route_table_id": "rtb-0b5d8abc566cd6846",
                            "subnet_id": "subnet-08b9d7899b7fd6152"
                        },
                        "meta": {},
                        "tainted": false
                    },
                    "deposed": [],
                    "provider": "provider.aws"
                },
                "aws_route_table_association.public": {
                    "type": "aws_route_table_association",
                    "depends_on": [
                        "aws_route_table.public",
                        "aws_subnet.public.*"
                    ],
                    "primary": {
                        "id": "rtbassoc-0e1d66e9fb6e857db",
                        "attributes": {
                            "id": "rtbassoc-0e1d66e9fb6e857db",
                            "route_table_id": "rtb-0133155231a40c9f8",
                            "subnet_id": "subnet-0b24df0ca7c240f00"
                        },
                        "meta": {},
                        "tainted": false
                    },
                    "deposed": [],
                    "provider": "provider.aws"
                },
                "aws_subnet.private": {
                    "type": "aws_subnet",
                    "depends_on": [
                        "aws_vpc.this"
                    ],
                    "primary": {
                        "id": "subnet-08b9d7899b7fd6152",
                        "attributes": {
                            "assign_ipv6_address_on_creation": "false",
                            "availability_zone": "us-east-1a",
                            "cidr_block": "10.0.2.0/24",
                            "id": "subnet-08b9d7899b7fd6152",
                            "map_public_ip_on_launch": "false",
                            "tags.%": "1",
                            "tags.Name": "tfsamplecheck-private-us-east-1a",
                            "vpc_id": "vpc-078999767a48ded08"
                        },
                        "meta": {
                            "schema_version": "1"
                        },
                        "tainted": false
                    },
                    "deposed": [],
                    "provider": "provider.aws"
                },
                "aws_subnet.public": {
                    "type": "aws_subnet",
                    "depends_on": [
                        "aws_vpc.this"
                    ],
                    "primary": {
                        "id": "subnet-0b24df0ca7c240f00",
                        "attributes": {
                            "assign_ipv6_address_on_creation": "false",
                            "availability_zone": "us-east-1a",
                            "cidr_block": "10.0.1.0/24",
                            "id": "subnet-0b24df0ca7c240f00",
                            "map_public_ip_on_launch": "true",
                            "tags.%": "1",
                            "tags.Name": "tfsamplecheck-public-us-east-1a",
                            "vpc_id": "vpc-078999767a48ded08"
                        },
                        "meta": {
                            "schema_version": "1"
                        },
                        "tainted": false
                    },
                    "deposed": [],
                    "provider": "provider.aws"
                },
                "aws_vpc.this": {
                    "type": "aws_vpc",
                    "depends_on": [],
                    "primary": {
                        "id": "vpc-078999767a48ded08",
                        "attributes": {
                            "assign_generated_ipv6_cidr_block": "false",
                            "cidr_block": "10.0.0.0/16",
                            "default_network_acl_id": "acl-0c573811858075e30",
                            "default_route_table_id": "rtb-042ad789a8788f1da",
                            "default_security_group_id": "sg-0442ae422a67f4bfe",
                            "dhcp_options_id": "dopt-49982032",
                            "enable_classiclink": "false",
                            "enable_classiclink_dns_support": "false",
                            "enable_dns_hostnames": "false",
                            "enable_dns_support": "true",
                            "id": "vpc-078999767a48ded08",
                            "instance_tenancy": "default",
                            "main_route_table_id": "rtb-042ad789a8788f1da",
                            "tags.%": "1",
                            "tags.Name": "tfsamplecheck"
                        },
                        "meta": {
                            "schema_version": "1"
                        },
                        "tainted": false
                    },
                    "deposed": [],
                    "provider": "provider.aws"
                },
                "aws_vpn_gateway.this": {
                    "type": "aws_vpn_gateway",
                    "depends_on": [
                        "aws_vpc.this"
                    ],
                    "primary": {
                        "id": "vgw-0be55a562fac73a5c",
                        "attributes": {
                            "amazon_side_asn": "7224",
                            "id": "vgw-0be55a562fac73a5c",
                            "tags.%": "1",
                            "tags.Name": "tfsamplecheck",
                            "vpc_id": "vpc-078999767a48ded08"
                        },
                        "meta": {},
                        "tainted": false
                    },
                    "deposed": [],
                    "provider": "provider.aws"
                }
            },
            "depends_on": []
        }
    ]
}
